
Microsoft Visual Studio Solution File, Format Version 11.00
# Visual Studio 2010
Project("{FAE04EC0-301F-11D3-BF4B-00C04F79EFBC}") = "Roll A Ball 2", "Assembly-CSharp.csproj", "{F97D69DA-8414-5ED9-3725-0D9A2C384A79}"
EndProject
Project("{FAE04EC0-301F-11D3-BF4B-00C04F79EFBC}") = "Roll A Ball 2", "Assembly-CSharp-firstpass.csproj", "{68CD5FD9-5B74-AD8B-55C8-CB342BB4F98E}"
EndProject
Global
	GlobalSection(SolutionConfigurationPlatforms) = preSolution
		Debug|Any CPU = Debug|Any CPU
		Release|Any CPU = Release|Any CPU
	EndGlobalSection
	GlobalSection(ProjectConfigurationPlatforms) = postSolution
		{F97D69DA-8414-5ED9-3725-0D9A2C384A79}.Debug|Any CPU.ActiveCfg = Debug|Any CPU
		{F97D69DA-8414-5ED9-3725-0D9A2C384A79}.Debug|Any CPU.Build.0 = Debug|Any CPU
		{F97D69DA-8414-5ED9-3725-0D9A2C384A79}.Release|Any CPU.ActiveCfg = Release|Any CPU
		{F97D69DA-8414-5ED9-3725-0D9A2C384A79}.Release|Any CPU.Build.0 = Release|Any CPU
		{68CD5FD9-5B74-AD8B-55C8-CB342BB4F98E}.Debug|Any CPU.ActiveCfg = Debug|Any CPU
		{68CD5FD9-5B74-AD8B-55C8-CB342BB4F98E}.Debug|Any CPU.Build.0 = Debug|Any CPU
		{68CD5FD9-5B74-AD8B-55C8-CB342BB4F98E}.Release|Any CPU.ActiveCfg = Release|Any CPU
		{68CD5FD9-5B74-AD8B-55C8-CB342BB4F98E}.Release|Any CPU.Build.0 = Release|Any CPU
	EndGlobalSection
	GlobalSection(SolutionProperties) = preSolution
		HideSolutionNode = FALSE
	EndGlobalSection
	GlobalSection(MonoDevelopProperties) = preSolution
		StartupItem = Assembly-CSharp.csproj
	EndGlobalSection
EndGlobal
